// !$*UTF8*$!
{
	archiveVersion = 1;
	classes = {
	};
	objectVersion = 77;
	objects = {

/* Begin PBXBuildFile section */
		2F0891822F4F27880017269C /* Sentry in Frameworks */ = {isa = PBXBuildFile; productRef = 2F0891812F4F27880017269C /* Sentry */; };
		2FA00001300000000017269C /* IAMJARLDesignTokens in Frameworks */ = {isa = PBXBuildFile; productRef = 2FA00002300000000017269C /* IAMJARLDesignTokens */; };
/* End PBXBuildFile section */

/* Begin PBXContainerItemProxy section */
		2F08915F2F4F27880017269C /* PBXContainerItemProxy */ = {
			isa = PBXContainerItemProxy;
			containerPortal = 2F0891492F4F27820017269C /* Project object */;
			proxyType = 1;
			remoteGlobalIDString = 2F0891502F4F27820017269C;
			remoteInfo = echolume;
		};
		2F0891692F4F27880017269C /* PBXContainerItemProxy */ = {
			isa = PBXContainerItemProxy;
			containerPortal = 2F0891492F4F27820017269C /* Project object */;
			proxyType = 1;
			remoteGlobalIDString = 2F0891502F4F27820017269C;
			remoteInfo = echolume;
		};
/* End PBXContainerItemProxy section */

/* Begin PBXFileReference section */
		2F0891512F4F27820017269C /* echolume.app */ = {isa = PBXFileReference; explicitFileType = wrapper.application; includeInIndex = 0; path = echolume.app; sourceTree = BUILT_PRODUCTS_DIR; };
		2F08915E2F4F27880017269C /* echolumeTests.xctest */ = {isa = PBXFileReference; explicitFileType = wrapper.cfbundle; includeInIndex = 0; path = echolumeTests.xctest; sourceTree = BUILT_PRODUCTS_DIR; };
		2F0891682F4F27880017269C /* echolumeUITests.xctest */ = {isa = PBXFileReference; explicitFileType = wrapper.cfbundle; includeInIndex = 0; path = echolumeUITests.xctest; sourceTree = BUILT_PRODUCTS_DIR; };
		2FA00010300000000017269C /* Sentry.xcconfig */ = {isa = PBXFileReference; lastKnownFileType = text.xcconfig; path = Sentry.xcconfig; sourceTree = "<group>"; };
/* End PBXFileReference section */

/* Begin PBXFileSystemSynchronizedRootGroup section */
		2F0891532F4F27820017269C /* echolume */ = {
			isa = PBXFileSystemSynchronizedRootGroup;
			path = echolume;
			sourceTree = "<group>";
		};
		2F0891612F4F27880017269C /* echolumeTests */ = {
			isa = PBXFileSystemSynchronizedRootGroup;
			path = echolumeTests;
			sourceTree = "<group>";
		};
		2F08916B2F4F27880017269C /* echolumeUITests */ = {
			isa = PBXFileSystemSynchronizedRootGroup;
			path = echolumeUITests;
			sourceTree = "<group>";
		};
/* End PBXFileSystemSynchronizedRootGroup section */

/* Begin PBXFrameworksBuildPhase section */
		2F08914E2F4F27820017269C /* Frameworks */ = {
			isa = PBXFrameworksBuildPhase;
			buildActionMask = 2147483647;
			files = (
				2F0891822F4F27880017269C /* Sentry in Frameworks */,
				2FA00001300000000017269C /* IAMJARLDesignTokens in Frameworks */,
			);
			runOnlyForDeploymentPostprocessing = 0;
		};
		2F08915B2F4F27880017269C /* Frameworks */ = {
			isa = PBXFrameworksBuildPhase;
			buildActionMask = 2147483647;
			files = (
			);
			runOnlyForDeploymentPostprocessing = 0;
		};
		2F0891652F4F27880017269C /* Frameworks */ = {
			isa = PBXFrameworksBuildPhase;
			buildActionMask = 2147483647;
			files = (
			);
			runOnlyForDeploymentPostprocessing = 0;
		};
/* End PBXFrameworksBuildPhase section */

/* Begin PBXGroup section */
		2F0891482F4F27820017269C = {
			isa = PBXGroup;
			children = (
				2F0891532F4F27820017269C /* echolume */,
				2F0891612F4F27880017269C /* echolumeTests */,
				2F08916B2F4F27880017269C /* echolumeUITests */,
				2FA00010300000000017269C /* Sentry.xcconfig */,
				2F0891522F4F27820017269C /* Products */,
			);
			sourceTree = "<group>";
		};
		2F0891522F4F27820017269C /* Products */ = {
			isa = PBXGroup;
			children = (
				2F0891512F4F27820017269C /* echolume.app */,
				2F08915E2F4F27880017269C /* echolumeTests.xctest */,
				2F0891682F4F27880017269C /* echolumeUITests.xctest */,
			);
			name = Products;
			sourceTree = "<group>";
		};
/* End PBXGroup section */

/* Begin PBXNativeTarget section */
		2F0891502F4F27820017269C /* echolume */ = {
			isa = PBXNativeTarget;
			buildConfigurationList = 2F0891722F4F27880017269C /* Build configuration list for PBXNativeTarget "echolume" */;
			buildPhases = (
				2F08914D2F4F27820017269C /* Sources */,
				2F08914E2F4F27820017269C /* Frameworks */,
				2F08914F2F4F27820017269C /* Resources */,
			);
			buildRules = (
			);
			dependencies = (
			);
			fileSystemSynchronizedGroups = (
				2F0891532F4F27820017269C /* echolume */,
			);
			name = echolume;
			packageProductDependencies = (
				2F0891812F4F27880017269C /* Sentry */,
				2FA00002300000000017269C /* IAMJARLDesignTokens */,
			);
			productName = echolume;
			productReference = 2F0891512F4F27820017269C /* echolume.app */;
			productType = "com.apple.product-type.application";
		};
		2F08915D2F4F27880017269C /* echolumeTests */ = {
			isa = PBXNativeTarget;
			buildConfigurationList = 2F0891752F4F27880017269C /* Build configuration list for PBXNativeTarget "echolumeTests" */;
			buildPhases = (
				2F08915A2F4F27880017269C /* Sources */,
				2F08915B2F4F27880017269C /* Frameworks */,
				2F08915C2F4F27880017269C /* Resources */,
			);
			buildRules = (
			);
			dependencies = (
				2F0891602F4F27880017269C /* PBXTargetDependency */,
			);
			fileSystemSynchronizedGroups = (
				2F0891612F4F27880017269C /* echolumeTests */,
			);
			name = echolumeTests;
			packageProductDependencies = (
			);
			productName = echolumeTests;
			productReference = 2F08915E2F4F27880017269C /* echolumeTests.xctest */;
			productType = "com.apple.product-type.bundle.unit-test";
		};
		2F0891672F4F27880017269C /* echolumeUITests */ = {
			isa = PBXNativeTarget;
			buildConfigurationList = 2F0891782F4F27880017269C /* Build configuration list for PBXNativeTarget "echolumeUITests" */;
			buildPhases = (
				2F0891642F4F27880017269C /* Sources */,
				2F0891652F4F27880017269C /* Frameworks */,
				2F0891662F4F27880017269C /* Resources */,
			);
			buildRules = (
			);
			dependencies = (
				2F08916A2F4F27880017269C /* PBXTargetDependency */,
			);
			fileSystemSynchronizedGroups = (
				2F08916B2F4F27880017269C /* echolumeUITests */,
			);
			name = echolumeUITests;
			packageProductDependencies = (
			);
			productName = echolumeUITests;
			productReference = 2F0891682F4F27880017269C /* echolumeUITests.xctest */;
			productType = "com.apple.product-type.bundle.ui-testing";
		};
/* End PBXNativeTarget section */

/* Begin PBXProject section */
		2F0891492F4F27820017269C /* Project object */ = {
			isa = PBXProject;
			attributes = {
				BuildIndependentTargetsInParallel = 1;
				LastSwiftUpdateCheck = 2620;
				LastUpgradeCheck = 2630;
				TargetAttributes = {
					2F0891502F4F27820017269C = {
						CreatedOnToolsVersion = 26.2;
					};
					2F08915D2F4F27880017269C = {
						CreatedOnToolsVersion = 26.2;
						TestTargetID = 2F0891502F4F27820017269C;
					};
					2F0891672F4F27880017269C = {
						CreatedOnToolsVersion = 26.2;
						TestTargetID = 2F0891502F4F27820017269C;
					};
				};
			};
			buildConfigurationList = 2F08914C2F4F27820017269C /* Build configuration list for PBXProject "echolume" */;
			developmentRegion = en;
			hasScannedForEncodings = 0;
			knownRegions = (
				en,
				Base,
			);
			mainGroup = 2F0891482F4F27820017269C;
			minimizedProjectReferenceProxies = 1;
			packageReferences = (
				2F0891802F4F27880017269C /* XCRemoteSwiftPackageReference "sentry-cocoa" */,
				2FA00003300000000017269C /* XCRemoteSwiftPackageReference "iamjarl-design" */,
			);
			preferredProjectObjectVersion = 77;
			productRefGroup = 2F0891522F4F27820017269C /* Products */;
			projectDirPath = "";
			projectRoot = "";
			targets = (
				2F0891502F4F27820017269C /* echolume */,
				2F08915D2F4F27880017269C /* echolumeTests */,
				2F0891672F4F27880017269C /* echolumeUITests */,
			);
		};
/* End PBXProject section */

/* Begin PBXResourcesBuildPhase section */
		2F08914F2F4F27820017269C /* Resources */ = {
			isa = PBXResourcesBuildPhase;
			buildActionMask = 2147483647;
			files = (
			);
			runOnlyForDeploymentPostprocessing = 0;
		};
		2F08915C2F4F27880017269C /* Resources */ = {
			isa = PBXResourcesBuildPhase;
			buildActionMask = 2147483647;
			files = (
			);
			runOnlyForDeploymentPostprocessing = 0;
		};
		2F0891662F4F27880017269C /* Resources */ = {
			isa = PBXResourcesBuildPhase;
			buildActionMask = 2147483647;
			files = (
			);
			runOnlyForDeploymentPostprocessing = 0;
		};
/* End PBXResourcesBuildPhase section */

/* Begin PBXSourcesBuildPhase section */
		2F08914D2F4F27820017269C /* Sources */ = {
			isa = PBXSourcesBuildPhase;
			buildActionMask = 2147483647;
			files = (
			);
			runOnlyForDeploymentPostprocessing = 0;
		};
		2F08915A2F4F27880017269C /* Sources */ = {
			isa = PBXSourcesBuildPhase;
			buildActionMask = 2147483647;
			files = (
			);
			runOnlyForDeploymentPostprocessing = 0;
		};
		2F0891642F4F27880017269C /* Sources */ = {
			isa = PBXSourcesBuildPhase;
			buildActionMask = 2147483647;
			files = (
			);
			runOnlyForDeploymentPostprocessing = 0;
		};
/* End PBXSourcesBuildPhase section */

/* Begin PBXTargetDependency section */
		2F0891602F4F27880017269C /* PBXTargetDependency */ = {
			isa = PBXTargetDependency;
			target = 2F0891502F4F27820017269C /* echolume */;
			targetProxy = 2F08915F2F4F27880017269C /* PBXContainerItemProxy */;
		};
		2F08916A2F4F27880017269C /* PBXTargetDependency */ = {
			isa = PBXTargetDependency;
			target = 2F0891502F4F27820017269C /* echolume */;
			targetProxy = 2F0891692F4F27880017269C /* PBXContainerItemProxy */;
		};
/* End PBXTargetDependency section */

/* Begin XCBuildConfiguration section */
		2F0891702F4F27880017269C /* Debug */ = {
			isa = XCBuildConfiguration;
			buildSettings = {
				ALWAYS_SEARCH_USER_PATHS = NO;
				ASSETCATALOG_COMPILER_GENERATE_SWIFT_ASSET_SYMBOL_EXTENSIONS = YES;
				CLANG_ANALYZER_NONNULL = YES;
				CLANG_ANALYZER_NUMBER_OBJECT_CONVERSION = YES_AGGRESSIVE;
				CLANG_CXX_LANGUAGE_STANDARD = "gnu++20";
				CLANG_ENABLE_MODULES = YES;
				CLANG_ENABLE_OBJC_ARC = YES;
				CLANG_ENABLE_OBJC_WEAK = YES;
				CLANG_WARN_BLOCK_CAPTURE_AUTORELEASING = YES;
				CLANG_WARN_BOOL_CONVERSION = YES;
				CLANG_WARN_COMMA = YES;
				CLANG_WARN_CONSTANT_CONVERSION = YES;
				CLANG_WARN_DEPRECATED_OBJC_IMPLEMENTATIONS = YES;
				CLANG_WARN_DIRECT_OBJC_ISA_USAGE = YES_ERROR;
				CLANG_WARN_DOCUMENTATION_COMMENTS = YES;
				CLANG_WARN_EMPTY_BODY = YES;
				CLANG_WARN_ENUM_CONVERSION = YES;
				CLANG_WARN_INFINITE_RECURSION = YES;
				CLANG_WARN_INT_CONVERSION = YES;
				CLANG_WARN_NON_LITERAL_NULL_CONVERSION = YES;
				CLANG_WARN_OBJC_IMPLICIT_RETAIN_SELF = YES;
				CLANG_WARN_OBJC_LITERAL_CONVERSION = YES;
				CLANG_WARN_OBJC_ROOT_CLASS = YES_ERROR;
				CLANG_WARN_QUOTED_INCLUDE_IN_FRAMEWORK_HEADER = YES;
				CLANG_WARN_RANGE_LOOP_ANALYSIS = YES;
				CLANG_WARN_STRICT_PROTOTYPES = YES;
				CLANG_WARN_SUSPICIOUS_MOVE = YES;
				CLANG_WARN_UNGUARDED_AVAILABILITY = YES_AGGRESSIVE;
				CLANG_WARN_UNREACHABLE_CODE = YES;
				CLANG_WARN__DUPLICATE_METHOD_MATCH = YES;
				COPY_PHASE_STRIP = NO;
				DEAD_CODE_STRIPPING = YES;
				DEBUG_INFORMATION_FORMAT = dwarf;
				DEVELOPMENT_TEAM = KDWZ3WNLDK;
				ENABLE_STRICT_OBJC_MSGSEND = YES;
				ENABLE_TESTABILITY = YES;
				ENABLE_USER_SCRIPT_SANDBOXING = YES;
				GCC_C_LANGUAGE_STANDARD = gnu17;
				GCC_DYNAMIC_NO_PIC = NO;
				GCC_NO_COMMON_BLOCKS = YES;
				GCC_OPTIMIZATION_LEVEL = 0;
				GCC_PREPROCESSOR_DEFINITIONS = (
					"DEBUG=1",
					"$(inherited)",
				);
				GCC_WARN_64_TO_32_BIT_CONVERSION = YES;
				GCC_WARN_ABOUT_RETURN_TYPE = YES_ERROR;
				GCC_WARN_UNDECLARED_SELECTOR = YES;
				GCC_WARN_UNINITIALIZED_AUTOS = YES_AGGRESSIVE;
				GCC_WARN_UNUSED_FUNCTION = YES;
				GCC_WARN_UNUSED_VARIABLE = YES;
				LOCALIZATION_PREFERS_STRING_CATALOGS = YES;
				MACOSX_DEPLOYMENT_TARGET = 14.0;
				MTL_ENABLE_DEBUG_INFO = INCLUDE_SOURCE;
				MTL_FAST_MATH = YES;
				ONLY_ACTIVE_ARCH = YES;
				SDKROOT = macosx;
				STRING_CATALOG_GENERATE_SYMBOLS = YES;
				SWIFT_ACTIVE_COMPILATION_CONDITIONS = "DEBUG $(inherited)";
				SWIFT_OPTIMIZATION_LEVEL = "-Onone";
			};
			name = Debug;
		};
		2F0891712F4F27880017269C /* Release */ = {
			isa = XCBuildConfiguration;
			buildSettings = {
				ALWAYS_SEARCH_USER_PATHS = NO;
				ASSETCATALOG_COMPILER_GENERATE_SWIFT_ASSET_SYMBOL_EXTENSIONS = YES;
				CLANG_ANALYZER_NONNULL = YES;
				CLANG_ANALYZER_NUMBER_OBJECT_CONVERSION = YES_AGGRESSIVE;
				CLANG_CXX_LANGUAGE_STANDARD = "gnu++20";
				CLANG_ENABLE_MODULES = YES;
				CLANG_ENABLE_OBJC_ARC = YES;
				CLANG_ENABLE_OBJC_WEAK = YES;
				CLANG_WARN_BLOCK_CAPTURE_AUTORELEASING = YES;
				CLANG_WARN_BOOL_CONVERSION = YES;
				CLANG_WARN_COMMA = YES;
				CLANG_WARN_CONSTANT_CONVERSION = YES;
				CLANG_WARN_DEPRECATED_OBJC_IMPLEMENTATIONS = YES;
				CLANG_WARN_DIRECT_OBJC_ISA_USAGE = YES_ERROR;
				CLANG_WARN_DOCUMENTATION_COMMENTS = YES;
				CLANG_WARN_EMPTY_BODY = YES;
				CLANG_WARN_ENUM_CONVERSION = YES;
				CLANG_WARN_INFINITE_RECURSION = YES;
				CLANG_WARN_INT_CONVERSION = YES;
				CLANG_WARN_NON_LITERAL_NULL_CONVERSION = YES;
				CLANG_WARN_OBJC_IMPLICIT_RETAIN_SELF = YES;
				CLANG_WARN_OBJC_LITERAL_CONVERSION = YES;
				CLANG_WARN_OBJC_ROOT_CLASS = YES_ERROR;
				CLANG_WARN_QUOTED_INCLUDE_IN_FRAMEWORK_HEADER = YES;
				CLANG_WARN_RANGE_LOOP_ANALYSIS = YES;
				CLANG_WARN_STRICT_PROTOTYPES = YES;
				CLANG_WARN_SUSPICIOUS_MOVE = YES;
				CLANG_WARN_UNGUARDED_AVAILABILITY = YES_AGGRESSIVE;
				CLANG_WARN_UNREACHABLE_CODE = YES;
				CLANG_WARN__DUPLICATE_METHOD_MATCH = YES;
				COPY_PHASE_STRIP = NO;
				DEAD_CODE_STRIPPING = YES;
				DEBUG_INFORMATION_FORMAT = "dwarf-with-dsym";
				DEVELOPMENT_TEAM = KDWZ3WNLDK;
				ENABLE_NS_ASSERTIONS = NO;
				ENABLE_STRICT_OBJC_MSGSEND = YES;
				ENABLE_USER_SCRIPT_SANDBOXING = YES;
				GCC_C_LANGUAGE_STANDARD = gnu17;
				GCC_NO_COMMON_BLOCKS = YES;
				GCC_WARN_64_TO_32_BIT_CONVERSION = YES;
				GCC_WARN_ABOUT_RETURN_TYPE = YES_ERROR;
				GCC_WARN_UNDECLARED_SELECTOR = YES;
				GCC_WARN_UNINITIALIZED_AUTOS = YES_AGGRESSIVE;
				GCC_WARN_UNUSED_FUNCTION = YES;
				GCC_WARN_UNUSED_VARIABLE = YES;
				LOCALIZATION_PREFERS_STRING_CATALOGS = YES;
				MACOSX_DEPLOYMENT_TARGET = 14.0;
				MTL_ENABLE_DEBUG_INFO = NO;
				MTL_FAST_MATH = YES;
				SDKROOT = macosx;
				STRING_CATALOG_GENERATE_SYMBOLS = YES;
				SWIFT_COMPILATION_MODE = wholemodule;
			};
			name = Release;
		};
		2F0891732F4F27880017269C /* Debug */ = {
			isa = XCBuildConfiguration;
			baseConfigurationReference = 2FA00010300000000017269C /* Sentry.xcconfig */;
			buildSettings = {
				ASSETCATALOG_COMPILER_APPICON_NAME = AppIcon;
				ASSETCATALOG_COMPILER_GLOBAL_ACCENT_COLOR_NAME = AccentColor;
				CODE_SIGN_STYLE = Automatic;
				COMBINE_HIDPI_IMAGES = YES;
				CURRENT_PROJECT_VERSION = 7;
				DEAD_CODE_STRIPPING = YES;
				DEVELOPMENT_TEAM = KDWZ3WNLDK;
				ENABLE_APP_SANDBOX = YES;
				ENABLE_HARDENED_RUNTIME = YES;
				ENABLE_INCOMING_NETWORK_CONNECTIONS = NO;
				ENABLE_OUTGOING_NETWORK_CONNECTIONS = YES;
				ENABLE_PREVIEWS = YES;
				ENABLE_RESOURCE_ACCESS_AUDIO_INPUT = YES;
				ENABLE_RESOURCE_ACCESS_BLUETOOTH = NO;
				ENABLE_RESOURCE_ACCESS_CALENDARS = NO;
				ENABLE_RESOURCE_ACCESS_CAMERA = NO;
				ENABLE_RESOURCE_ACCESS_CONTACTS = NO;
				ENABLE_RESOURCE_ACCESS_LOCATION = NO;
				ENABLE_RESOURCE_ACCESS_PRINTING = NO;
				ENABLE_RESOURCE_ACCESS_USB = NO;
				ENABLE_USER_SELECTED_FILES = NO;
				GENERATE_INFOPLIST_FILE = YES;
				INFOPLIST_KEY_CFBundleDisplayName = Echolume;
				INFOPLIST_KEY_ITSAppUsesNonExemptEncryption = NO;
				INFOPLIST_KEY_LSApplicationCategoryType = "public.app-category.music";
				INFOPLIST_KEY_NSHumanReadableCopyright = "";
				INFOPLIST_KEY_NSMicrophoneUsageDescription = "Echolume needs access to an audio input source to drive real-time visuals.";
				INFOPLIST_KEY_SentryDSN = "$(SENTRY_DSN)";
				LD_RUNPATH_SEARCH_PATHS = (
					"$(inherited)",
					"@executable_path/../Frameworks",
				);
				MARKETING_VERSION = 1.0.0;
				PRODUCT_BUNDLE_IDENTIFIER = com.iamjarl.echolume;
				PRODUCT_NAME = "$(TARGET_NAME)";
				REGISTER_APP_GROUPS = YES;
				STRING_CATALOG_GENERATE_SYMBOLS = YES;
				SWIFT_APPROACHABLE_CONCURRENCY = YES;
				SWIFT_DEFAULT_ACTOR_ISOLATION = MainActor;
				SWIFT_EMIT_LOC_STRINGS = YES;
				SWIFT_UPCOMING_FEATURE_MEMBER_IMPORT_VISIBILITY = YES;
				SWIFT_VERSION = 5.0;
			};
			name = Debug;
		};
		2F0891742F4F27880017269C /* Release */ = {
			isa = XCBuildConfiguration;
			baseConfigurationReference = 2FA00010300000000017269C /* Sentry.xcconfig */;
			buildSettings = {
				ASSETCATALOG_COMPILER_APPICON_NAME = AppIcon;
				ASSETCATALOG_COMPILER_GLOBAL_ACCENT_COLOR_NAME = AccentColor;
				CODE_SIGN_STYLE = Automatic;
				COMBINE_HIDPI_IMAGES = YES;
				CURRENT_PROJECT_VERSION = 7;
				DEAD_CODE_STRIPPING = YES;
				DEBUG_INFORMATION_FORMAT = "dwarf-with-dsym";
				DEVELOPMENT_TEAM = KDWZ3WNLDK;
				ENABLE_APP_SANDBOX = YES;
				ENABLE_HARDENED_RUNTIME = YES;
				ENABLE_INCOMING_NETWORK_CONNECTIONS = NO;
				ENABLE_OUTGOING_NETWORK_CONNECTIONS = YES;
				ENABLE_PREVIEWS = YES;
				ENABLE_RESOURCE_ACCESS_AUDIO_INPUT = YES;
				ENABLE_RESOURCE_ACCESS_BLUETOOTH = NO;
				ENABLE_RESOURCE_ACCESS_CALENDARS = NO;
				ENABLE_RESOURCE_ACCESS_CAMERA = NO;
				ENABLE_RESOURCE_ACCESS_CONTACTS = NO;
				ENABLE_RESOURCE_ACCESS_LOCATION = NO;
				ENABLE_RESOURCE_ACCESS_PRINTING = NO;
				ENABLE_RESOURCE_ACCESS_USB = NO;
				ENABLE_USER_SELECTED_FILES = NO;
				GENERATE_INFOPLIST_FILE = YES;
				INFOPLIST_KEY_CFBundleDisplayName = Echolume;
				INFOPLIST_KEY_ITSAppUsesNonExemptEncryption = NO;
				INFOPLIST_KEY_LSApplicationCategoryType = "public.app-category.music";
				INFOPLIST_KEY_NSHumanReadableCopyright = "";
				INFOPLIST_KEY_NSMicrophoneUsageDescription = "Echolume needs access to an audio input source to drive real-time visuals.";
				INFOPLIST_KEY_SentryDSN = "$(SENTRY_DSN)";
				LD_RUNPATH_SEARCH_PATHS = (
					"$(inherited)",
					"@executable_path/../Frameworks",
				);
				MARKETING_VERSION = 1.0.0;
				PRODUCT_BUNDLE_IDENTIFIER = com.iamjarl.echolume;
				PRODUCT_NAME = "$(TARGET_NAME)";
				REGISTER_APP_GROUPS = YES;
				STRING_CATALOG_GENERATE_SYMBOLS = YES;
				SWIFT_APPROACHABLE_CONCURRENCY = YES;
				SWIFT_DEFAULT_ACTOR_ISOLATION = MainActor;
				SWIFT_EMIT_LOC_STRINGS = YES;
				SWIFT_UPCOMING_FEATURE_MEMBER_IMPORT_VISIBILITY = YES;
				SWIFT_VERSION = 5.0;
			};
			name = Release;
		};
		2F0891762F4F27880017269C /* Debug */ = {
			isa = XCBuildConfiguration;
			buildSettings = {
				BUNDLE_LOADER = "$(TEST_HOST)";
				CODE_SIGN_STYLE = Automatic;
				CURRENT_PROJECT_VERSION = 7;
				DEAD_CODE_STRIPPING = YES;
				DEVELOPMENT_TEAM = KDWZ3WNLDK;
				GENERATE_INFOPLIST_FILE = YES;
				MACOSX_DEPLOYMENT_TARGET = 14.0;
				MARKETING_VERSION = 1.0.0;
				PRODUCT_BUNDLE_IDENTIFIER = com.iamjarl.echolumeTests;
				PRODUCT_NAME = "$(TARGET_NAME)";
				STRING_CATALOG_GENERATE_SYMBOLS = NO;
				SWIFT_APPROACHABLE_CONCURRENCY = YES;
				SWIFT_EMIT_LOC_STRINGS = NO;
				SWIFT_UPCOMING_FEATURE_MEMBER_IMPORT_VISIBILITY = YES;
				SWIFT_VERSION = 5.0;
				TEST_HOST = "$(BUILT_PRODUCTS_DIR)/echolume.app/$(BUNDLE_EXECUTABLE_FOLDER_PATH)/echolume";
			};
			name = Debug;
		};
		2F0891772F4F27880017269C /* Release */ = {
			isa = XCBuildConfiguration;
			buildSettings = {
				BUNDLE_LOADER = "$(TEST_HOST)";
				CODE_SIGN_STYLE = Automatic;
				CURRENT_PROJECT_VERSION = 7;
				DEAD_CODE_STRIPPING = YES;
				DEVELOPMENT_TEAM = KDWZ3WNLDK;
				GENERATE_INFOPLIST_FILE = YES;
				MACOSX_DEPLOYMENT_TARGET = 14.0;
				MARKETING_VERSION = 1.0.0;
				PRODUCT_BUNDLE_IDENTIFIER = com.iamjarl.echolumeTests;
				PRODUCT_NAME = "$(TARGET_NAME)";
				STRING_CATALOG_GENERATE_SYMBOLS = NO;
				SWIFT_APPROACHABLE_CONCURRENCY = YES;
				SWIFT_EMIT_LOC_STRINGS = NO;
				SWIFT_UPCOMING_FEATURE_MEMBER_IMPORT_VISIBILITY = YES;
				SWIFT_VERSION = 5.0;
				TEST_HOST = "$(BUILT_PRODUCTS_DIR)/echolume.app/$(BUNDLE_EXECUTABLE_FOLDER_PATH)/echolume";
			};
			name = Release;
		};
		2F0891792F4F27880017269C /* Debug */ = {
			isa = XCBuildConfiguration;
			buildSettings = {
				CODE_SIGN_STYLE = Automatic;
				CURRENT_PROJECT_VERSION = 7;
				DEAD_CODE_STRIPPING = YES;
				DEVELOPMENT_TEAM = KDWZ3WNLDK;
				GENERATE_INFOPLIST_FILE = YES;
				MARKETING_VERSION = 1.0.0;
				PRODUCT_BUNDLE_IDENTIFIER = com.iamjarl.echolumeUITests;
				PRODUCT_NAME = "$(TARGET_NAME)";
				STRING_CATALOG_GENERATE_SYMBOLS = NO;
				SWIFT_APPROACHABLE_CONCURRENCY = YES;
				SWIFT_EMIT_LOC_STRINGS = NO;
				SWIFT_UPCOMING_FEATURE_MEMBER_IMPORT_VISIBILITY = YES;
				SWIFT_VERSION = 5.0;
				TEST_TARGET_NAME = echolume;
			};
			name = Debug;
		};
		2F08917A2F4F27880017269C /* Release */ = {
			isa = XCBuildConfiguration;
			buildSettings = {
				CODE_SIGN_STYLE = Automatic;
				CURRENT_PROJECT_VERSION = 7;
				DEAD_CODE_STRIPPING = YES;
				DEVELOPMENT_TEAM = KDWZ3WNLDK;
				GENERATE_INFOPLIST_FILE = YES;
				MARKETING_VERSION = 1.0.0;
				PRODUCT_BUNDLE_IDENTIFIER = com.iamjarl.echolumeUITests;
				PRODUCT_NAME = "$(TARGET_NAME)";
				STRING_CATALOG_GENERATE_SYMBOLS = NO;
				SWIFT_APPROACHABLE_CONCURRENCY = YES;
				SWIFT_EMIT_LOC_STRINGS = NO;
				SWIFT_UPCOMING_FEATURE_MEMBER_IMPORT_VISIBILITY = YES;
				SWIFT_VERSION = 5.0;
				TEST_TARGET_NAME = echolume;
			};
			name = Release;
		};
/* End XCBuildConfiguration section */

/* Begin XCConfigurationList section */
		2F08914C2F4F27820017269C /* Build configuration list for PBXProject "echolume" */ = {
			isa = XCConfigurationList;
			buildConfigurations = (
				2F0891702F4F27880017269C /* Debug */,
				2F0891712F4F27880017269C /* Release */,
			);
			defaultConfigurationIsVisible = 0;
			defaultConfigurationName = Release;
		};
		2F0891722F4F27880017269C /* Build configuration list for PBXNativeTarget "echolume" */ = {
			isa = XCConfigurationList;
			buildConfigurations = (
				2F0891732F4F27880017269C /* Debug */,
				2F0891742F4F27880017269C /* Release */,
			);
			defaultConfigurationIsVisible = 0;
			defaultConfigurationName = Release;
		};
		2F0891752F4F27880017269C /* Build configuration list for PBXNativeTarget "echolumeTests" */ = {
			isa = XCConfigurationList;
			buildConfigurations = (
				2F0891762F4F27880017269C /* Debug */,
				2F0891772F4F27880017269C /* Release */,
			);
			defaultConfigurationIsVisible = 0;
			defaultConfigurationName = Release;
		};
		2F0891782F4F27880017269C /* Build configuration list for PBXNativeTarget "echolumeUITests" */ = {
			isa = XCConfigurationList;
			buildConfigurations = (
				2F0891792F4F27880017269C /* Debug */,
				2F08917A2F4F27880017269C /* Release */,
			);
			defaultConfigurationIsVisible = 0;
			defaultConfigurationName = Release;
		};
/* End XCConfigurationList section */

/* Begin XCRemoteSwiftPackageReference section */
		2F0891802F4F27880017269C /* XCRemoteSwiftPackageReference "sentry-cocoa" */ = {
			isa = XCRemoteSwiftPackageReference;
			repositoryURL = "https://github.com/getsentry/sentry-cocoa";
			requirement = {
				kind = upToNextMajorVersion;
				minimumVersion = 9.13.0;
			};
		};
		2FA00003300000000017269C /* XCRemoteSwiftPackageReference "iamjarl-design" */ = {
			isa = XCRemoteSwiftPackageReference;
			repositoryURL = "https://github.com/JarlLyng/iamjarl-design";
			requirement = {
				kind = upToNextMajorVersion;
				minimumVersion = 0.1.3;
			};
		};
/* End XCRemoteSwiftPackageReference section */

/* Begin XCSwiftPackageProductDependency section */
		2F0891812F4F27880017269C /* Sentry */ = {
			isa = XCSwiftPackageProductDependency;
			package = 2F0891802F4F27880017269C /* XCRemoteSwiftPackageReference "sentry-cocoa" */;
			productName = Sentry;
		};
		2FA00002300000000017269C /* IAMJARLDesignTokens */ = {
			isa = XCSwiftPackageProductDependency;
			package = 2FA00003300000000017269C /* XCRemoteSwiftPackageReference "iamjarl-design" */;
			productName = IAMJARLDesignTokens;
		};
/* End XCSwiftPackageProductDependency section */
	};
	rootObject = 2F0891492F4F27820017269C /* Project object */;
}
